// !$*UTF8*$!
{
    archiveVersion = 1;
    classes = {};
    objectVersion = 46;
    rootObject = __RootObject_;
    objects = {
        __RootObject_ = {
            isa = PBXProject;
            attributes = {LastUpgradeCheck = 9999;};
            buildConfigurationList = ___RootConfs_;
            compatibilityVersion = 'Xcode 3.2';
            developmentRegion = English;
            hasScannedForEncodings = 0;
            knownRegions = (en);
            mainGroup = ___RootGroup_;
            productRefGroup = ____Products_;
            projectDirPath = '';
            projectRoot = '';
            targets = (______Target_Angle, ______Target_AngleTests);
        };
        '__PBXFileRef_Package.swift' = {
            isa = PBXFileReference;
            lastKnownFileType = sourcecode.swift;
            path = 'Package.swift';
            sourceTree = '<group>';
        };
        ___RootGroup_ = {
            isa = PBXGroup;
            children = ('__PBXFileRef_Package.swift', _____Configs_, _____Sources_,  Dependencies_, _______Tests_, ____Products_);
            sourceTree = '<group>';
        };
        _______Group_Angle = {
            isa = PBXGroup;
            name = 'Angle';
            path = 'Sources';
            sourceTree = '<group>';
            children = ('__PBXFileRef_Sources/Angle.swift');
        };
        '__PBXFileRef_Sources/Angle.swift' = {
            isa = PBXFileReference;
            lastKnownFileType = sourcecode.swift;
            path = 'Angle.swift';
            sourceTree = '<group>';
        };
        ______Target_Angle = {
            isa = PBXNativeTarget;
            buildConfigurationList = _______Confs_Angle;
            buildPhases = (CompilePhase_Angle, ___LinkPhase_Angle);
            buildRules = ();
            dependencies = ();
            name = 'Angle';
            productName = Angle;
            productReference = _____Product_Angle;
            productType = 'com.apple.product-type.framework';
        };
        _____Product_Angle = {
            isa = PBXFileReference;
            explicitFileType = 'wrapper.framework';
            path = 'Angle.framework';
            sourceTree = BUILT_PRODUCTS_DIR;
        };
        CompilePhase_Angle = {
            isa = PBXSourcesBuildPhase;
            files = ('__src_cc_ref_Sources/Angle.swift');
            runOnlyForDeploymentPostprocessing = 0;
        };
        '__src_cc_ref_Sources/Angle.swift' = {
            isa = PBXBuildFile;
            fileRef = '__PBXFileRef_Sources/Angle.swift';
        };
        ___LinkPhase_Angle = {
            isa = PBXFrameworksBuildPhase;
            files = ();
            runOnlyForDeploymentPostprocessing = 0;
        };
        _______Confs_Angle = {
            isa = XCConfigurationList;
            buildConfigurations = (___DebugConf_Angle, _ReleaseConf_Angle);
            defaultConfigurationIsVisible = 0;
            defaultConfigurationName = Debug;
        };
        ___DebugConf_Angle = {
            isa = XCBuildConfiguration;
            buildSettings = { SWIFT_VERSION = '3.0'; LD_RUNPATH_SEARCH_PATHS = '$(TOOLCHAIN_DIR)/usr/lib/swift/macosx'; PRODUCT_MODULE_NAME = '$(TARGET_NAME:c99extidentifier)'; ENABLE_TESTABILITY = 'YES'; OTHER_SWIFT_FLAGS = '$(inherited)'; INFOPLIST_FILE = 'Angle.xcodeproj/Angle_Info.plist'; FRAMEWORK_SEARCH_PATHS = '$(PLATFORM_DIR)/Developer/Library/Frameworks'; SWIFT_OPTIMIZATION_LEVEL = '-Onone'; PRODUCT_BUNDLE_IDENTIFIER = 'Angle'; PRODUCT_NAME = '$(TARGET_NAME:c99extidentifier)'; OTHER_LDFLAGS = '$(inherited)'; };
            name = Debug;
        };
        _ReleaseConf_Angle = {
            isa = XCBuildConfiguration;
            buildSettings = { SWIFT_VERSION = '3.0'; LD_RUNPATH_SEARCH_PATHS = '$(TOOLCHAIN_DIR)/usr/lib/swift/macosx'; PRODUCT_MODULE_NAME = '$(TARGET_NAME:c99extidentifier)'; ENABLE_TESTABILITY = 'YES'; OTHER_SWIFT_FLAGS = '$(inherited)'; INFOPLIST_FILE = 'Angle.xcodeproj/Angle_Info.plist'; FRAMEWORK_SEARCH_PATHS = '$(PLATFORM_DIR)/Developer/Library/Frameworks'; PRODUCT_BUNDLE_IDENTIFIER = 'Angle'; PRODUCT_NAME = '$(TARGET_NAME:c99extidentifier)'; OTHER_LDFLAGS = '$(inherited)'; };
            name = Release;
        };
        __Dependency_Angle = {
            isa = PBXTargetDependency;
            target = ______Target_Angle;
        };
        _______Group_AngleTests = {
            isa = PBXGroup;
            name = 'AngleTests';
            path = 'Tests/AngleTests';
            sourceTree = '<group>';
            children = ('__PBXFileRef_Tests/AngleTests/AngleTests.swift');
        };
        '__PBXFileRef_Tests/AngleTests/AngleTests.swift' = {
            isa = PBXFileReference;
            lastKnownFileType = sourcecode.swift;
            path = 'AngleTests.swift';
            sourceTree = '<group>';
        };
        ______Target_AngleTests = {
            isa = PBXNativeTarget;
            buildConfigurationList = _______Confs_AngleTests;
            buildPhases = (CompilePhase_AngleTests, ___LinkPhase_AngleTests);
            buildRules = ();
            dependencies = (__Dependency_Angle);
            name = 'AngleTests';
            productName = AngleTests;
            productReference = _____Product_AngleTests;
            productType = 'com.apple.product-type.bundle.unit-test';
        };
        _____Product_AngleTests = {
            isa = PBXFileReference;
            explicitFileType = 'compiled.mach-o.wrapper.cfbundle';
            path = 'AngleTests.xctest';
            sourceTree = BUILT_PRODUCTS_DIR;
        };
        CompilePhase_AngleTests = {
            isa = PBXSourcesBuildPhase;
            files = ('__src_cc_ref_Tests/AngleTests/AngleTests.swift');
            runOnlyForDeploymentPostprocessing = 0;
        };
        '__src_cc_ref_Tests/AngleTests/AngleTests.swift' = {
            isa = PBXBuildFile;
            fileRef = '__PBXFileRef_Tests/AngleTests/AngleTests.swift';
        };
        ___LinkPhase_AngleTests = {
            isa = PBXFrameworksBuildPhase;
            files = (_LinkFileRef_Angle_via_AngleTests);
            runOnlyForDeploymentPostprocessing = 0;
        };
        _LinkFileRef_Angle_via_AngleTests = {
            isa = PBXBuildFile;
            fileRef = _____Product_Angle;
        };
        _______Confs_AngleTests = {
            isa = XCConfigurationList;
            buildConfigurations = (___DebugConf_AngleTests, _ReleaseConf_AngleTests);
            defaultConfigurationIsVisible = 0;
            defaultConfigurationName = Debug;
        };
        ___DebugConf_AngleTests = {
            isa = XCBuildConfiguration;
            buildSettings = { LD_RUNPATH_SEARCH_PATHS = '@loader_path/../Frameworks'; FRAMEWORK_SEARCH_PATHS = '$(PLATFORM_DIR)/Developer/Library/Frameworks'; OTHER_SWIFT_FLAGS = '$(inherited)'; INFOPLIST_FILE = 'Angle.xcodeproj/AngleTests_Info.plist'; SWIFT_OPTIMIZATION_LEVEL = '-Onone'; EMBEDDED_CONTENT_CONTAINS_SWIFT = 'YES'; OTHER_LDFLAGS = '$(inherited)'; SWIFT_VERSION = '3.0'; };
            name = Debug;
        };
        _ReleaseConf_AngleTests = {
            isa = XCBuildConfiguration;
            buildSettings = { LD_RUNPATH_SEARCH_PATHS = '@loader_path/../Frameworks'; FRAMEWORK_SEARCH_PATHS = '$(PLATFORM_DIR)/Developer/Library/Frameworks'; OTHER_SWIFT_FLAGS = '$(inherited)'; INFOPLIST_FILE = 'Angle.xcodeproj/AngleTests_Info.plist'; EMBEDDED_CONTENT_CONTAINS_SWIFT = 'YES'; OTHER_LDFLAGS = '$(inherited)'; SWIFT_VERSION = '3.0'; };
            name = Release;
        };
        __Dependency_AngleTests = {
            isa = PBXTargetDependency;
            target = ______Target_AngleTests;
        };
        '__PBXFileRef_Angle.xcodeproj/Configs/Project.xcconfig' = {
            isa = PBXFileReference;
            lastKnownFileType = text.xcconfig;
            path = 'Angle.xcodeproj/Configs/Project.xcconfig';
            sourceTree = '<group>';
        };
        _____Configs_ = {
            isa = PBXGroup;
            children = ('__PBXFileRef_Angle.xcodeproj/Configs/Project.xcconfig');
            name = Configs;
            sourceTree = '<group>';
        };
        _____Sources_ = {
            isa = PBXGroup;
            children = (_______Group_Angle);
            name = Sources;
            sourceTree = '<group>';
        };
        _______Tests_ = {
            isa = PBXGroup;
            children = (_______Group_AngleTests);
            name = Tests;
            sourceTree = '<group>';
        };
       TestProducts_ = {
            isa = PBXGroup;
            children = (_____Product_AngleTests);
            name = Tests;
            sourceTree = '<group>';
        };
        ____Products_ = {
            isa = PBXGroup;
            children = (TestProducts_, _____Product_Angle);
            name = Products;
            sourceTree = '<group>';
        };
        _______Debug_ = {
            isa = XCBuildConfiguration;
            baseConfigurationReference = '__PBXFileRef_Angle.xcodeproj/Configs/Project.xcconfig';
            buildSettings = {};
            name = Debug;
        };
        _____Release_ = {
            isa = XCBuildConfiguration;
            baseConfigurationReference = '__PBXFileRef_Angle.xcodeproj/Configs/Project.xcconfig';
            buildSettings = {};
            name = Release;
        };
        ___RootConfs_ = {
            isa = XCConfigurationList;
            buildConfigurations = (_______Debug_, _____Release_);
            defaultConfigurationIsVisible = 0;
            defaultConfigurationName = Debug;
        };
    };
}
